PODS:
  - RandomGenerator (0.1.0)
  - Tutorial (0.1.0):
    - RandomGenerator (~> 0.1.0)

DEPENDENCIES:
  - RandomGenerator (~> 0.1.0)
  - Tutorial (from `../`)

SPEC REPOS:
  "git@github.com:cocoaheads-kyiv-14-workshop/specs.git":
    - RandomGenerator

EXTERNAL SOURCES:
  Tutorial:
    :path: "../"

SPEC CHECKSUMS:
  RandomGenerator: 827d0f9c04834f0b56c20528efefdd916705f7c7
  Tutorial: 7f910dc7569113e56e7cac707338f6705b92c090

PODFILE CHECKSUM: 22644add655dd5a97d8c6cc57d9385759fafd85b

COCOAPODS: 1.5.3
