PODS:
  - RandomGenerator (0.1.3)
  - Tutorial (0.1.1):
    - RandomGenerator (~> 0.1.0)

DEPENDENCIES:
  - RandomGenerator (~> 0.1.0)
  - Tutorial (from `../`)

SPEC REPOS:
  "git@github.com:cocoaheads-kyiv-14-workshop/specs.git":
    - RandomGenerator

EXTERNAL SOURCES:
  Tutorial:
    :path: "../"

SPEC CHECKSUMS:
  RandomGenerator: 723ec5cd775d8aea49fae641d3274c6a9a138b14
  Tutorial: 7627e542baa1c6d7a7f74eadbdb8193174e35cc1

PODFILE CHECKSUM: 22644add655dd5a97d8c6cc57d9385759fafd85b

COCOAPODS: 1.5.3
